# THIS IS AN AUTOGENERATED FILE. DO NOT EDIT THIS FILE DIRECTLY.
# yarn lockfile v1


"@types/aws-lambda@^8.10.92":
  version "8.10.94"
  resolved "https://registry.yarnpkg.com/@types/aws-lambda/-/aws-lambda-8.10.94.tgz#04c9e20d1c254c663ec293cc84c1197873417386"
  integrity sha512-Y7Iih+LxURTJ8WTFqLWi2eF0G2oWz/tCkp0EQf0E1ikip1yfNtXOfgeXK3OaKA+/i6fAxvm9L1KPuTj8KBUB0A==
